
Microsoft Visual Studio Solution File, Format Version 12.00
# Visual Studio Version 17
VisualStudioVersion = 17.8.34330.188
MinimumVisualStudioVersion = 10.0.40219.1
Project("{FAE04EC0-301F-11D3-BF4B-00C04F79EFBC}") = "EDMS_Core", "EDMS_Core\EDMS_Core.csproj", "{757C7BAA-7533-4981-8918-A5EF43602090}"
EndProject
Global
	GlobalSection(SolutionConfigurationPlatforms) = preSolution
		Debug|Any CPU = Debug|Any CPU
		Release|Any CPU = Release|Any CPU
	EndGlobalSection
	GlobalSection(ProjectConfigurationPlatforms) = postSolution
		{757C7BAA-7533-4981-8918-A5EF43602090}.Debug|Any CPU.ActiveCfg = Debug|Any CPU
		{757C7BAA-7533-4981-8918-A5EF43602090}.Debug|Any CPU.Build.0 = Debug|Any CPU
		{757C7BAA-7533-4981-8918-A5EF43602090}.Release|Any CPU.ActiveCfg = Release|Any CPU
		{757C7BAA-7533-4981-8918-A5EF43602090}.Release|Any CPU.Build.0 = Release|Any CPU
	EndGlobalSection
	GlobalSection(SolutionProperties) = preSolution
		HideSolutionNode = FALSE
	EndGlobalSection
	GlobalSection(ExtensibilityGlobals) = postSolution
		SolutionGuid = {59FD0B95-30AA-41D7-B9B3-926886AC43CC}
	EndGlobalSection
EndGlobal
